// !$*UTF8*$!
{
	archiveVersion = 1;
	classes = {
	};
	objectVersion = 46;
	objects = {

/* Begin PBXBuildFile section */
		1F5222E119DD5FB100A4A1A7 /* AppDelegate.swift in Sources */ = {isa = PBXBuildFile; fileRef = 1F5222E019DD5FB100A4A1A7 /* AppDelegate.swift */; };
		1F5222E319DD5FB100A4A1A7 /* ViewController.swift in Sources */ = {isa = PBXBuildFile; fileRef = 1F5222E219DD5FB100A4A1A7 /* ViewController.swift */; };
		1F5222E619DD5FB100A4A1A7 /* Main.storyboard in Resources */ = {isa = PBXBuildFile; fileRef = 1F5222E419DD5FB100A4A1A7 /* Main.storyboard */; };
		1F5222E819DD5FB100A4A1A7 /* Images.xcassets in Resources */ = {isa = PBXBuildFile; fileRef = 1F5222E719DD5FB100A4A1A7 /* Images.xcassets */; };
		1F5222EB19DD5FB100A4A1A7 /* LaunchScreen.xib in Resources */ = {isa = PBXBuildFile; fileRef = 1F5222E919DD5FB100A4A1A7 /* LaunchScreen.xib */; };
		1F5222F719DD5FB200A4A1A7 /* ImageExperimentsTests.swift in Sources */ = {isa = PBXBuildFile; fileRef = 1F5222F619DD5FB200A4A1A7 /* ImageExperimentsTests.swift */; };
		1F52230119DD61B900A4A1A7 /* ImageConvolutionFilters.swift in Sources */ = {isa = PBXBuildFile; fileRef = 1F52230019DD61B900A4A1A7 /* ImageConvolutionFilters.swift */; };
		1F65A35D19E15753000D59F0 /* ImageConvolutionFilters.swift in Sources */ = {isa = PBXBuildFile; fileRef = 1F52230019DD61B900A4A1A7 /* ImageConvolutionFilters.swift */; };
		1F8A4A8B19E17919000BD29F /* FiltersTableViewController.swift in Sources */ = {isa = PBXBuildFile; fileRef = 1F8A4A8A19E17919000BD29F /* FiltersTableViewController.swift */; };
		1FAAAF9619E1E0D600CA8862 /* ImagePlayground.swift in Sources */ = {isa = PBXBuildFile; fileRef = 1FAAAF9519E1E0D600CA8862 /* ImagePlayground.swift */; };
/* End PBXBuildFile section */

/* Begin PBXContainerItemProxy section */
		1F5222F119DD5FB200A4A1A7 /* PBXContainerItemProxy */ = {
			isa = PBXContainerItemProxy;
			containerPortal = 1F5222D319DD5FB100A4A1A7 /* Project object */;
			proxyType = 1;
			remoteGlobalIDString = 1F5222DA19DD5FB100A4A1A7;
			remoteInfo = ImageExperiments;
		};
/* End PBXContainerItemProxy section */

/* Begin PBXFileReference section */
		1F5222DB19DD5FB100A4A1A7 /* ImageExperiments.app */ = {isa = PBXFileReference; explicitFileType = wrapper.application; includeInIndex = 0; path = ImageExperiments.app; sourceTree = BUILT_PRODUCTS_DIR; };
		1F5222DF19DD5FB100A4A1A7 /* Info.plist */ = {isa = PBXFileReference; lastKnownFileType = text.plist.xml; path = Info.plist; sourceTree = "<group>"; };
		1F5222E019DD5FB100A4A1A7 /* AppDelegate.swift */ = {isa = PBXFileReference; lastKnownFileType = sourcecode.swift; path = AppDelegate.swift; sourceTree = "<group>"; };
		1F5222E219DD5FB100A4A1A7 /* ViewController.swift */ = {isa = PBXFileReference; lastKnownFileType = sourcecode.swift; path = ViewController.swift; sourceTree = "<group>"; };
		1F5222E519DD5FB100A4A1A7 /* Base */ = {isa = PBXFileReference; lastKnownFileType = file.storyboard; name = Base; path = Base.lproj/Main.storyboard; sourceTree = "<group>"; };
		1F5222E719DD5FB100A4A1A7 /* Images.xcassets */ = {isa = PBXFileReference; lastKnownFileType = folder.assetcatalog; path = Images.xcassets; sourceTree = "<group>"; };
		1F5222EA19DD5FB100A4A1A7 /* Base */ = {isa = PBXFileReference; lastKnownFileType = file.xib; name = Base; path = Base.lproj/LaunchScreen.xib; sourceTree = "<group>"; };
		1F5222F019DD5FB200A4A1A7 /* ImageExperimentsTests.xctest */ = {isa = PBXFileReference; explicitFileType = wrapper.cfbundle; includeInIndex = 0; path = ImageExperimentsTests.xctest; sourceTree = BUILT_PRODUCTS_DIR; };
		1F5222F519DD5FB200A4A1A7 /* Info.plist */ = {isa = PBXFileReference; lastKnownFileType = text.plist.xml; path = Info.plist; sourceTree = "<group>"; };
		1F5222F619DD5FB200A4A1A7 /* ImageExperimentsTests.swift */ = {isa = PBXFileReference; lastKnownFileType = sourcecode.swift; path = ImageExperimentsTests.swift; sourceTree = "<group>"; };
		1F52230019DD61B900A4A1A7 /* ImageConvolutionFilters.swift */ = {isa = PBXFileReference; fileEncoding = 4; lastKnownFileType = sourcecode.swift; path = ImageConvolutionFilters.swift; sourceTree = "<group>"; };
		1F8A4A8A19E17919000BD29F /* FiltersTableViewController.swift */ = {isa = PBXFileReference; fileEncoding = 4; lastKnownFileType = sourcecode.swift; path = FiltersTableViewController.swift; sourceTree = "<group>"; };
		1FAAAF9519E1E0D600CA8862 /* ImagePlayground.swift */ = {isa = PBXFileReference; fileEncoding = 4; lastKnownFileType = sourcecode.swift; path = ImagePlayground.swift; sourceTree = "<group>"; };
/* End PBXFileReference section */

/* Begin PBXFrameworksBuildPhase section */
		1F5222D819DD5FB100A4A1A7 /* Frameworks */ = {
			isa = PBXFrameworksBuildPhase;
			buildActionMask = 2147483647;
			files = (
			);
			runOnlyForDeploymentPostprocessing = 0;
		};
		1F5222ED19DD5FB200A4A1A7 /* Frameworks */ = {
			isa = PBXFrameworksBuildPhase;
			buildActionMask = 2147483647;
			files = (
			);
			runOnlyForDeploymentPostprocessing = 0;
		};
/* End PBXFrameworksBuildPhase section */

/* Begin PBXGroup section */
		1F5222D219DD5FB100A4A1A7 = {
			isa = PBXGroup;
			children = (
				1F722B8619E1DC54000FC632 /* image operations */,
				1F5222DD19DD5FB100A4A1A7 /* example app */,
				1F5222F319DD5FB200A4A1A7 /* ImageExperimentsTests */,
				1F5222DC19DD5FB100A4A1A7 /* Products */,
			);
			sourceTree = "<group>";
		};
		1F5222DC19DD5FB100A4A1A7 /* Products */ = {
			isa = PBXGroup;
			children = (
				1F5222DB19DD5FB100A4A1A7 /* ImageExperiments.app */,
				1F5222F019DD5FB200A4A1A7 /* ImageExperimentsTests.xctest */,
			);
			name = Products;
			sourceTree = "<group>";
		};
		1F5222DD19DD5FB100A4A1A7 /* example app */ = {
			isa = PBXGroup;
			children = (
				1F5222E019DD5FB100A4A1A7 /* AppDelegate.swift */,
				1F5222E219DD5FB100A4A1A7 /* ViewController.swift */,
				1F8A4A8A19E17919000BD29F /* FiltersTableViewController.swift */,
				1F5222E419DD5FB100A4A1A7 /* Main.storyboard */,
				1F5222E919DD5FB100A4A1A7 /* LaunchScreen.xib */,
				1F5222E719DD5FB100A4A1A7 /* Images.xcassets */,
				1F5222DE19DD5FB100A4A1A7 /* Supporting Files */,
			);
			name = "example app";
			path = ImageExperiments;
			sourceTree = "<group>";
		};
		1F5222DE19DD5FB100A4A1A7 /* Supporting Files */ = {
			isa = PBXGroup;
			children = (
				1F5222DF19DD5FB100A4A1A7 /* Info.plist */,
			);
			name = "Supporting Files";
			sourceTree = "<group>";
		};
		1F5222F319DD5FB200A4A1A7 /* ImageExperimentsTests */ = {
			isa = PBXGroup;
			children = (
				1F5222F619DD5FB200A4A1A7 /* ImageExperimentsTests.swift */,
				1F5222F419DD5FB200A4A1A7 /* Supporting Files */,
			);
			path = ImageExperimentsTests;
			sourceTree = "<group>";
		};
		1F5222F419DD5FB200A4A1A7 /* Supporting Files */ = {
			isa = PBXGroup;
			children = (
				1F5222F519DD5FB200A4A1A7 /* Info.plist */,
			);
			name = "Supporting Files";
			sourceTree = "<group>";
		};
		1F722B8619E1DC54000FC632 /* image operations */ = {
			isa = PBXGroup;
			children = (
				1FAAAF9519E1E0D600CA8862 /* ImagePlayground.swift */,
				1F52230019DD61B900A4A1A7 /* ImageConvolutionFilters.swift */,
			);
			name = "image operations";
			path = ImageExperiments;
			sourceTree = "<group>";
		};
/* End PBXGroup section */

/* Begin PBXNativeTarget section */
		1F5222DA19DD5FB100A4A1A7 /* AIImageFilters */ = {
			isa = PBXNativeTarget;
			buildConfigurationList = 1F5222FA19DD5FB200A4A1A7 /* Build configuration list for PBXNativeTarget "AIImageFilters" */;
			buildPhases = (
				1F5222D719DD5FB100A4A1A7 /* Sources */,
				1F5222D819DD5FB100A4A1A7 /* Frameworks */,
				1F5222D919DD5FB100A4A1A7 /* Resources */,
			);
			buildRules = (
			);
			dependencies = (
			);
			name = AIImageFilters;
			productName = ImageExperiments;
			productReference = 1F5222DB19DD5FB100A4A1A7 /* ImageExperiments.app */;
			productType = "com.apple.product-type.application";
		};
		1F5222EF19DD5FB200A4A1A7 /* AIIMageFilters */ = {
			isa = PBXNativeTarget;
			buildConfigurationList = 1F5222FD19DD5FB200A4A1A7 /* Build configuration list for PBXNativeTarget "AIIMageFilters" */;
			buildPhases = (
				1F5222EC19DD5FB200A4A1A7 /* Sources */,
				1F5222ED19DD5FB200A4A1A7 /* Frameworks */,
				1F5222EE19DD5FB200A4A1A7 /* Resources */,
			);
			buildRules = (
			);
			dependencies = (
				1F5222F219DD5FB200A4A1A7 /* PBXTargetDependency */,
			);
			name = AIIMageFilters;
			productName = ImageExperimentsTests;
			productReference = 1F5222F019DD5FB200A4A1A7 /* ImageExperimentsTests.xctest */;
			productType = "com.apple.product-type.bundle.unit-test";
		};
/* End PBXNativeTarget section */

/* Begin PBXProject section */
		1F5222D319DD5FB100A4A1A7 /* Project object */ = {
			isa = PBXProject;
			attributes = {
				LastUpgradeCheck = 0600;
				ORGANIZATIONNAME = "Jannis Muething";
				TargetAttributes = {
					1F5222DA19DD5FB100A4A1A7 = {
						CreatedOnToolsVersion = 6.0.1;
					};
					1F5222EF19DD5FB200A4A1A7 = {
						CreatedOnToolsVersion = 6.0.1;
						TestTargetID = 1F5222DA19DD5FB100A4A1A7;
					};
				};
			};
			buildConfigurationList = 1F5222D619DD5FB100A4A1A7 /* Build configuration list for PBXProject "AImageFilters" */;
			compatibilityVersion = "Xcode 3.2";
			developmentRegion = English;
			hasScannedForEncodings = 0;
			knownRegions = (
				en,
				Base,
			);
			mainGroup = 1F5222D219DD5FB100A4A1A7;
			productRefGroup = 1F5222DC19DD5FB100A4A1A7 /* Products */;
			projectDirPath = "";
			projectRoot = "";
			targets = (
				1F5222DA19DD5FB100A4A1A7 /* AIImageFilters */,
				1F5222EF19DD5FB200A4A1A7 /* AIIMageFilters */,
			);
		};
/* End PBXProject section */

/* Begin PBXResourcesBuildPhase section */
		1F5222D919DD5FB100A4A1A7 /* Resources */ = {
			isa = PBXResourcesBuildPhase;
			buildActionMask = 2147483647;
			files = (
				1F5222E619DD5FB100A4A1A7 /* Main.storyboard in Resources */,
				1F5222EB19DD5FB100A4A1A7 /* LaunchScreen.xib in Resources */,
				1F5222E819DD5FB100A4A1A7 /* Images.xcassets in Resources */,
			);
			runOnlyForDeploymentPostprocessing = 0;
		};
		1F5222EE19DD5FB200A4A1A7 /* Resources */ = {
			isa = PBXResourcesBuildPhase;
			buildActionMask = 2147483647;
			files = (
			);
			runOnlyForDeploymentPostprocessing = 0;
		};
/* End PBXResourcesBuildPhase section */

/* Begin PBXSourcesBuildPhase section */
		1F5222D719DD5FB100A4A1A7 /* Sources */ = {
			isa = PBXSourcesBuildPhase;
			buildActionMask = 2147483647;
			files = (
				1F5222E319DD5FB100A4A1A7 /* ViewController.swift in Sources */,
				1F52230119DD61B900A4A1A7 /* ImageConvolutionFilters.swift in Sources */,
				1F5222E119DD5FB100A4A1A7 /* AppDelegate.swift in Sources */,
				1FAAAF9619E1E0D600CA8862 /* ImagePlayground.swift in Sources */,
				1F8A4A8B19E17919000BD29F /* FiltersTableViewController.swift in Sources */,
			);
			runOnlyForDeploymentPostprocessing = 0;
		};
		1F5222EC19DD5FB200A4A1A7 /* Sources */ = {
			isa = PBXSourcesBuildPhase;
			buildActionMask = 2147483647;
			files = (
				1F5222F719DD5FB200A4A1A7 /* ImageExperimentsTests.swift in Sources */,
				1F65A35D19E15753000D59F0 /* ImageConvolutionFilters.swift in Sources */,
			);
			runOnlyForDeploymentPostprocessing = 0;
		};
/* End PBXSourcesBuildPhase section */

/* Begin PBXTargetDependency section */
		1F5222F219DD5FB200A4A1A7 /* PBXTargetDependency */ = {
			isa = PBXTargetDependency;
			target = 1F5222DA19DD5FB100A4A1A7 /* AIImageFilters */;
			targetProxy = 1F5222F119DD5FB200A4A1A7 /* PBXContainerItemProxy */;
		};
/* End PBXTargetDependency section */

/* Begin PBXVariantGroup section */
		1F5222E419DD5FB100A4A1A7 /* Main.storyboard */ = {
			isa = PBXVariantGroup;
			children = (
				1F5222E519DD5FB100A4A1A7 /* Base */,
			);
			name = Main.storyboard;
			sourceTree = "<group>";
		};
		1F5222E919DD5FB100A4A1A7 /* LaunchScreen.xib */ = {
			isa = PBXVariantGroup;
			children = (
				1F5222EA19DD5FB100A4A1A7 /* Base */,
			);
			name = LaunchScreen.xib;
			sourceTree = "<group>";
		};
/* End PBXVariantGroup section */

/* Begin XCBuildConfiguration section */
		1F5222F819DD5FB200A4A1A7 /* Debug */ = {
			isa = XCBuildConfiguration;
			buildSettings = {
				ALWAYS_SEARCH_USER_PATHS = NO;
				CLANG_CXX_LANGUAGE_STANDARD = "gnu++0x";
				CLANG_CXX_LIBRARY = "libc++";
				CLANG_ENABLE_MODULES = YES;
				CLANG_ENABLE_OBJC_ARC = YES;
				CLANG_WARN_BOOL_CONVERSION = YES;
				CLANG_WARN_CONSTANT_CONVERSION = YES;
				CLANG_WARN_DIRECT_OBJC_ISA_USAGE = YES_ERROR;
				CLANG_WARN_EMPTY_BODY = YES;
				CLANG_WARN_ENUM_CONVERSION = YES;
				CLANG_WARN_INT_CONVERSION = YES;
				CLANG_WARN_OBJC_ROOT_CLASS = YES_ERROR;
				CLANG_WARN_UNREACHABLE_CODE = YES;
				CLANG_WARN__DUPLICATE_METHOD_MATCH = YES;
				"CODE_SIGN_IDENTITY[sdk=iphoneos*]" = "iPhone Developer";
				COPY_PHASE_STRIP = NO;
				ENABLE_STRICT_OBJC_MSGSEND = YES;
				GCC_C_LANGUAGE_STANDARD = gnu99;
				GCC_DYNAMIC_NO_PIC = NO;
				GCC_OPTIMIZATION_LEVEL = 0;
				GCC_PREPROCESSOR_DEFINITIONS = (
					"DEBUG=1",
					"$(inherited)",
				);
				GCC_SYMBOLS_PRIVATE_EXTERN = NO;
				GCC_WARN_64_TO_32_BIT_CONVERSION = YES;
				GCC_WARN_ABOUT_RETURN_TYPE = YES_ERROR;
				GCC_WARN_UNDECLARED_SELECTOR = YES;
				GCC_WARN_UNINITIALIZED_AUTOS = YES_AGGRESSIVE;
				GCC_WARN_UNUSED_FUNCTION = YES;
				GCC_WARN_UNUSED_VARIABLE = YES;
				IPHONEOS_DEPLOYMENT_TARGET = 8.0;
				MTL_ENABLE_DEBUG_INFO = YES;
				ONLY_ACTIVE_ARCH = YES;
				SDKROOT = iphoneos;
				SWIFT_OPTIMIZATION_LEVEL = "-Onone";
			};
			name = Debug;
		};
		1F5222F919DD5FB200A4A1A7 /* Release */ = {
			isa = XCBuildConfiguration;
			buildSettings = {
				ALWAYS_SEARCH_USER_PATHS = NO;
				CLANG_CXX_LANGUAGE_STANDARD = "gnu++0x";
				CLANG_CXX_LIBRARY = "libc++";
				CLANG_ENABLE_MODULES = YES;
				CLANG_ENABLE_OBJC_ARC = YES;
				CLANG_WARN_BOOL_CONVERSION = YES;
				CLANG_WARN_CONSTANT_CONVERSION = YES;
				CLANG_WARN_DIRECT_OBJC_ISA_USAGE = YES_ERROR;
				CLANG_WARN_EMPTY_BODY = YES;
				CLANG_WARN_ENUM_CONVERSION = YES;
				CLANG_WARN_INT_CONVERSION = YES;
				CLANG_WARN_OBJC_ROOT_CLASS = YES_ERROR;
				CLANG_WARN_UNREACHABLE_CODE = YES;
				CLANG_WARN__DUPLICATE_METHOD_MATCH = YES;
				"CODE_SIGN_IDENTITY[sdk=iphoneos*]" = "iPhone Developer";
				COPY_PHASE_STRIP = YES;
				ENABLE_NS_ASSERTIONS = NO;
				ENABLE_STRICT_OBJC_MSGSEND = YES;
				GCC_C_LANGUAGE_STANDARD = gnu99;
				GCC_WARN_64_TO_32_BIT_CONVERSION = YES;
				GCC_WARN_ABOUT_RETURN_TYPE = YES_ERROR;
				GCC_WARN_UNDECLARED_SELECTOR = YES;
				GCC_WARN_UNINITIALIZED_AUTOS = YES_AGGRESSIVE;
				GCC_WARN_UNUSED_FUNCTION = YES;
				GCC_WARN_UNUSED_VARIABLE = YES;
				IPHONEOS_DEPLOYMENT_TARGET = 8.0;
				MTL_ENABLE_DEBUG_INFO = NO;
				SDKROOT = iphoneos;
				VALIDATE_PRODUCT = YES;
			};
			name = Release;
		};
		1F5222FB19DD5FB200A4A1A7 /* Debug */ = {
			isa = XCBuildConfiguration;
			buildSettings = {
				ASSETCATALOG_COMPILER_APPICON_NAME = AppIcon;
				CODE_SIGN_IDENTITY = "iPhone Developer";
				INFOPLIST_FILE = ImageExperiments/Info.plist;
				LD_RUNPATH_SEARCH_PATHS = "$(inherited) @executable_path/Frameworks";
				PRODUCT_NAME = "$(TARGET_NAME)";
			};
			name = Debug;
		};
		1F5222FC19DD5FB200A4A1A7 /* Release */ = {
			isa = XCBuildConfiguration;
			buildSettings = {
				ASSETCATALOG_COMPILER_APPICON_NAME = AppIcon;
				CODE_SIGN_IDENTITY = "iPhone Developer";
				INFOPLIST_FILE = ImageExperiments/Info.plist;
				LD_RUNPATH_SEARCH_PATHS = "$(inherited) @executable_path/Frameworks";
				PRODUCT_NAME = "$(TARGET_NAME)";
			};
			name = Release;
		};
		1F5222FE19DD5FB200A4A1A7 /* Debug */ = {
			isa = XCBuildConfiguration;
			buildSettings = {
				BUNDLE_LOADER = "$(TEST_HOST)";
				FRAMEWORK_SEARCH_PATHS = (
					"$(SDKROOT)/Developer/Library/Frameworks",
					"$(inherited)",
				);
				GCC_PREPROCESSOR_DEFINITIONS = (
					"DEBUG=1",
					"$(inherited)",
				);
				INFOPLIST_FILE = ImageExperimentsTests/Info.plist;
				LD_RUNPATH_SEARCH_PATHS = "$(inherited) @executable_path/Frameworks @loader_path/Frameworks";
				PRODUCT_NAME = "$(TARGET_NAME)";
				TEST_HOST = "$(BUILT_PRODUCTS_DIR)/ImageExperiments.app/ImageExperiments";
			};
			name = Debug;
		};
		1F5222FF19DD5FB200A4A1A7 /* Release */ = {
			isa = XCBuildConfiguration;
			buildSettings = {
				BUNDLE_LOADER = "$(TEST_HOST)";
				FRAMEWORK_SEARCH_PATHS = (
					"$(SDKROOT)/Developer/Library/Frameworks",
					"$(inherited)",
				);
				INFOPLIST_FILE = ImageExperimentsTests/Info.plist;
				LD_RUNPATH_SEARCH_PATHS = "$(inherited) @executable_path/Frameworks @loader_path/Frameworks";
				PRODUCT_NAME = "$(TARGET_NAME)";
				TEST_HOST = "$(BUILT_PRODUCTS_DIR)/ImageExperiments.app/ImageExperiments";
			};
			name = Release;
		};
/* End XCBuildConfiguration section */

/* Begin XCConfigurationList section */
		1F5222D619DD5FB100A4A1A7 /* Build configuration list for PBXProject "AImageFilters" */ = {
			isa = XCConfigurationList;
			buildConfigurations = (
				1F5222F819DD5FB200A4A1A7 /* Debug */,
				1F5222F919DD5FB200A4A1A7 /* Release */,
			);
			defaultConfigurationIsVisible = 0;
			defaultConfigurationName = Release;
		};
		1F5222FA19DD5FB200A4A1A7 /* Build configuration list for PBXNativeTarget "AIImageFilters" */ = {
			isa = XCConfigurationList;
			buildConfigurations = (
				1F5222FB19DD5FB200A4A1A7 /* Debug */,
				1F5222FC19DD5FB200A4A1A7 /* Release */,
			);
			defaultConfigurationIsVisible = 0;
			defaultConfigurationName = Release;
		};
		1F5222FD19DD5FB200A4A1A7 /* Build configuration list for PBXNativeTarget "AIIMageFilters" */ = {
			isa = XCConfigurationList;
			buildConfigurations = (
				1F5222FE19DD5FB200A4A1A7 /* Debug */,
				1F5222FF19DD5FB200A4A1A7 /* Release */,
			);
			defaultConfigurationIsVisible = 0;
			defaultConfigurationName = Release;
		};
/* End XCConfigurationList section */
	};
	rootObject = 1F5222D319DD5FB100A4A1A7 /* Project object */;
}
